
Microsoft Visual Studio Solution File, Format Version 12.00
# Visual Studio Version 16
VisualStudioVersion = 16.0.33801.447
MinimumVisualStudioVersion = 10.0.40219.1
Project("{FAE04EC0-301F-11D3-BF4B-00C04F79EFBC}") = "SkTask", "SkTask\SkTask.csproj", "{1BED907B-1B84-4BA6-85A7-73F9CCCE9208}"
EndProject
Project("{FAE04EC0-301F-11D3-BF4B-00C04F79EFBC}") = "SkAffix", "SkAffix\SkAffix.csproj", "{5F750383-00A7-4993-AA0A-59EB4C5C5E89}"
EndProject
Project("{FAE04EC0-301F-11D3-BF4B-00C04F79EFBC}") = "SkUtil", "SkUtil\SkUtil.csproj", "{CC9318A2-8F4C-46DF-93BA-1F1D6A5A5967}"
EndProject
Project("{2150E333-8FDC-42A3-9474-1A3956D46DE8}") = "Resource", "Resource", "{40738990-CECB-4DEE-8C07-B9427D356536}"
	ProjectSection(SolutionItems) = preProject
		bin\resource\Checked.txt = bin\resource\Checked.txt
		bin\resource\Config.txt = bin\resource\Config.txt
		bin\resource\FiltersEN.txt = bin\resource\FiltersEN.txt
		bin\resource\FiltersKO.txt = bin\resource\FiltersKO.txt
		bin\resource\ItemsEN.txt = bin\resource\ItemsEN.txt
		bin\resource\ItemsKO.txt = bin\resource\ItemsKO.txt
		bin\resource\origin.xlsx = bin\resource\origin.xlsx
		bin\resource\Parser.txt = bin\resource\Parser.txt
		bin\resource\StaticEN.txt = bin\resource\StaticEN.txt
		bin\resource\StaticKO.txt = bin\resource\StaticKO.txt
	EndProjectSection
EndProject
Project("{2150E333-8FDC-42A3-9474-1A3956D46DE8}") = "Item", "Item", "{B5E17401-66E2-4FAC-8FF7-83AC69699233}"
EndProject
Project("{FAE04EC0-301F-11D3-BF4B-00C04F79EFBC}") = "Follow", "Follow\Follow.csproj", "{869D75B1-A8F1-4BBC-AE0E-83840508627F}"
EndProject
Project("{FAE04EC0-301F-11D3-BF4B-00C04F79EFBC}") = "SkTest", "SkTest\SkTest.csproj", "{C001F965-FC09-4CBD-AA81-D8F4EFC96789}"
EndProject
Project("{FAE04EC0-301F-11D3-BF4B-00C04F79EFBC}") = "Action", "Action\Action.csproj", "{836ACD4B-5773-4893-AF43-FAF362FCC7E8}"
EndProject
Project("{2150E333-8FDC-42A3-9474-1A3956D46DE8}") = "flask", "flask", "{7E00EF4D-9F16-4115-A3AA-426F25879BE6}"
	ProjectSection(SolutionItems) = preProject
		bin\resource\Item\flask\flask.csv = bin\resource\Item\flask\flask.csv
		bin\resource\Item\flask\prefix.csv = bin\resource\Item\flask\prefix.csv
		bin\resource\Item\flask\suffix.csv = bin\resource\Item\flask\suffix.csv
	EndProjectSection
EndProject
Global
	GlobalSection(SolutionConfigurationPlatforms) = preSolution
		Debug|Any CPU = Debug|Any CPU
		Debug|x64 = Debug|x64
		Debug|x86 = Debug|x86
		Release|Any CPU = Release|Any CPU
		Release|x64 = Release|x64
		Release|x86 = Release|x86
	EndGlobalSection
	GlobalSection(ProjectConfigurationPlatforms) = postSolution
		{1BED907B-1B84-4BA6-85A7-73F9CCCE9208}.Debug|Any CPU.ActiveCfg = Debug|Any CPU
		{1BED907B-1B84-4BA6-85A7-73F9CCCE9208}.Debug|Any CPU.Build.0 = Debug|Any CPU
		{1BED907B-1B84-4BA6-85A7-73F9CCCE9208}.Debug|x64.ActiveCfg = Debug|Any CPU
		{1BED907B-1B84-4BA6-85A7-73F9CCCE9208}.Debug|x64.Build.0 = Debug|Any CPU
		{1BED907B-1B84-4BA6-85A7-73F9CCCE9208}.Debug|x86.ActiveCfg = Debug|Any CPU
		{1BED907B-1B84-4BA6-85A7-73F9CCCE9208}.Debug|x86.Build.0 = Debug|Any CPU
		{1BED907B-1B84-4BA6-85A7-73F9CCCE9208}.Release|Any CPU.ActiveCfg = Release|Any CPU
		{1BED907B-1B84-4BA6-85A7-73F9CCCE9208}.Release|Any CPU.Build.0 = Release|Any CPU
		{1BED907B-1B84-4BA6-85A7-73F9CCCE9208}.Release|x64.ActiveCfg = Release|Any CPU
		{1BED907B-1B84-4BA6-85A7-73F9CCCE9208}.Release|x64.Build.0 = Release|Any CPU
		{1BED907B-1B84-4BA6-85A7-73F9CCCE9208}.Release|x86.ActiveCfg = Release|Any CPU
		{1BED907B-1B84-4BA6-85A7-73F9CCCE9208}.Release|x86.Build.0 = Release|Any CPU
		{5F750383-00A7-4993-AA0A-59EB4C5C5E89}.Debug|Any CPU.ActiveCfg = Debug|Any CPU
		{5F750383-00A7-4993-AA0A-59EB4C5C5E89}.Debug|Any CPU.Build.0 = Debug|Any CPU
		{5F750383-00A7-4993-AA0A-59EB4C5C5E89}.Debug|x64.ActiveCfg = Debug|Any CPU
		{5F750383-00A7-4993-AA0A-59EB4C5C5E89}.Debug|x64.Build.0 = Debug|Any CPU
		{5F750383-00A7-4993-AA0A-59EB4C5C5E89}.Debug|x86.ActiveCfg = Debug|Any CPU
		{5F750383-00A7-4993-AA0A-59EB4C5C5E89}.Debug|x86.Build.0 = Debug|Any CPU
		{5F750383-00A7-4993-AA0A-59EB4C5C5E89}.Release|Any CPU.ActiveCfg = Release|Any CPU
		{5F750383-00A7-4993-AA0A-59EB4C5C5E89}.Release|Any CPU.Build.0 = Release|Any CPU
		{5F750383-00A7-4993-AA0A-59EB4C5C5E89}.Release|x64.ActiveCfg = Release|Any CPU
		{5F750383-00A7-4993-AA0A-59EB4C5C5E89}.Release|x64.Build.0 = Release|Any CPU
		{5F750383-00A7-4993-AA0A-59EB4C5C5E89}.Release|x86.ActiveCfg = Release|Any CPU
		{5F750383-00A7-4993-AA0A-59EB4C5C5E89}.Release|x86.Build.0 = Release|Any CPU
		{CC9318A2-8F4C-46DF-93BA-1F1D6A5A5967}.Debug|Any CPU.ActiveCfg = Debug|Any CPU
		{CC9318A2-8F4C-46DF-93BA-1F1D6A5A5967}.Debug|Any CPU.Build.0 = Debug|Any CPU
		{CC9318A2-8F4C-46DF-93BA-1F1D6A5A5967}.Debug|x64.ActiveCfg = Debug|Any CPU
		{CC9318A2-8F4C-46DF-93BA-1F1D6A5A5967}.Debug|x64.Build.0 = Debug|Any CPU
		{CC9318A2-8F4C-46DF-93BA-1F1D6A5A5967}.Debug|x86.ActiveCfg = Debug|Any CPU
		{CC9318A2-8F4C-46DF-93BA-1F1D6A5A5967}.Debug|x86.Build.0 = Debug|Any CPU
		{CC9318A2-8F4C-46DF-93BA-1F1D6A5A5967}.Release|Any CPU.ActiveCfg = Release|Any CPU
		{CC9318A2-8F4C-46DF-93BA-1F1D6A5A5967}.Release|Any CPU.Build.0 = Release|Any CPU
		{CC9318A2-8F4C-46DF-93BA-1F1D6A5A5967}.Release|x64.ActiveCfg = Release|Any CPU
		{CC9318A2-8F4C-46DF-93BA-1F1D6A5A5967}.Release|x64.Build.0 = Release|Any CPU
		{CC9318A2-8F4C-46DF-93BA-1F1D6A5A5967}.Release|x86.ActiveCfg = Release|Any CPU
		{CC9318A2-8F4C-46DF-93BA-1F1D6A5A5967}.Release|x86.Build.0 = Release|Any CPU
		{869D75B1-A8F1-4BBC-AE0E-83840508627F}.Debug|Any CPU.ActiveCfg = Debug|Any CPU
		{869D75B1-A8F1-4BBC-AE0E-83840508627F}.Debug|Any CPU.Build.0 = Debug|Any CPU
		{869D75B1-A8F1-4BBC-AE0E-83840508627F}.Debug|x64.ActiveCfg = Debug|Any CPU
		{869D75B1-A8F1-4BBC-AE0E-83840508627F}.Debug|x64.Build.0 = Debug|Any CPU
		{869D75B1-A8F1-4BBC-AE0E-83840508627F}.Debug|x86.ActiveCfg = Debug|Any CPU
		{869D75B1-A8F1-4BBC-AE0E-83840508627F}.Debug|x86.Build.0 = Debug|Any CPU
		{869D75B1-A8F1-4BBC-AE0E-83840508627F}.Release|Any CPU.ActiveCfg = Release|Any CPU
		{869D75B1-A8F1-4BBC-AE0E-83840508627F}.Release|Any CPU.Build.0 = Release|Any CPU
		{869D75B1-A8F1-4BBC-AE0E-83840508627F}.Release|x64.ActiveCfg = Release|Any CPU
		{869D75B1-A8F1-4BBC-AE0E-83840508627F}.Release|x64.Build.0 = Release|Any CPU
		{869D75B1-A8F1-4BBC-AE0E-83840508627F}.Release|x86.ActiveCfg = Release|Any CPU
		{869D75B1-A8F1-4BBC-AE0E-83840508627F}.Release|x86.Build.0 = Release|Any CPU
		{C001F965-FC09-4CBD-AA81-D8F4EFC96789}.Debug|Any CPU.ActiveCfg = Debug|Any CPU
		{C001F965-FC09-4CBD-AA81-D8F4EFC96789}.Debug|Any CPU.Build.0 = Debug|Any CPU
		{C001F965-FC09-4CBD-AA81-D8F4EFC96789}.Debug|x64.ActiveCfg = Debug|Any CPU
		{C001F965-FC09-4CBD-AA81-D8F4EFC96789}.Debug|x64.Build.0 = Debug|Any CPU
		{C001F965-FC09-4CBD-AA81-D8F4EFC96789}.Debug|x86.ActiveCfg = Debug|Any CPU
		{C001F965-FC09-4CBD-AA81-D8F4EFC96789}.Debug|x86.Build.0 = Debug|Any CPU
		{C001F965-FC09-4CBD-AA81-D8F4EFC96789}.Release|Any CPU.ActiveCfg = Release|Any CPU
		{C001F965-FC09-4CBD-AA81-D8F4EFC96789}.Release|Any CPU.Build.0 = Release|Any CPU
		{C001F965-FC09-4CBD-AA81-D8F4EFC96789}.Release|x64.ActiveCfg = Release|Any CPU
		{C001F965-FC09-4CBD-AA81-D8F4EFC96789}.Release|x64.Build.0 = Release|Any CPU
		{C001F965-FC09-4CBD-AA81-D8F4EFC96789}.Release|x86.ActiveCfg = Release|Any CPU
		{C001F965-FC09-4CBD-AA81-D8F4EFC96789}.Release|x86.Build.0 = Release|Any CPU
		{836ACD4B-5773-4893-AF43-FAF362FCC7E8}.Debug|Any CPU.ActiveCfg = Debug|Any CPU
		{836ACD4B-5773-4893-AF43-FAF362FCC7E8}.Debug|Any CPU.Build.0 = Debug|Any CPU
		{836ACD4B-5773-4893-AF43-FAF362FCC7E8}.Debug|x64.ActiveCfg = Debug|Any CPU
		{836ACD4B-5773-4893-AF43-FAF362FCC7E8}.Debug|x64.Build.0 = Debug|Any CPU
		{836ACD4B-5773-4893-AF43-FAF362FCC7E8}.Debug|x86.ActiveCfg = Debug|Any CPU
		{836ACD4B-5773-4893-AF43-FAF362FCC7E8}.Debug|x86.Build.0 = Debug|Any CPU
		{836ACD4B-5773-4893-AF43-FAF362FCC7E8}.Release|Any CPU.ActiveCfg = Release|Any CPU
		{836ACD4B-5773-4893-AF43-FAF362FCC7E8}.Release|Any CPU.Build.0 = Release|Any CPU
		{836ACD4B-5773-4893-AF43-FAF362FCC7E8}.Release|x64.ActiveCfg = Release|Any CPU
		{836ACD4B-5773-4893-AF43-FAF362FCC7E8}.Release|x64.Build.0 = Release|Any CPU
		{836ACD4B-5773-4893-AF43-FAF362FCC7E8}.Release|x86.ActiveCfg = Release|Any CPU
		{836ACD4B-5773-4893-AF43-FAF362FCC7E8}.Release|x86.Build.0 = Release|Any CPU
	EndGlobalSection
	GlobalSection(SolutionProperties) = preSolution
		HideSolutionNode = FALSE
	EndGlobalSection
	GlobalSection(NestedProjects) = preSolution
		{B5E17401-66E2-4FAC-8FF7-83AC69699233} = {40738990-CECB-4DEE-8C07-B9427D356536}
		{7E00EF4D-9F16-4115-A3AA-426F25879BE6} = {B5E17401-66E2-4FAC-8FF7-83AC69699233}
	EndGlobalSection
	GlobalSection(ExtensibilityGlobals) = postSolution
		SolutionGuid = {00298EB2-82EE-4A61-89AE-859EE93FED13}
	EndGlobalSection
EndGlobal
